github.com/theNewDynamic/hugo-component-tnd-blocks v0.0.0-20200618163712-a1fce85c0c7b h1:KTmxxuhuWevdfoN4rQz8Dq/ZGivhCcky1jFYoqT9xtI=
github.com/theNewDynamic/hugo-component-tnd-blocks v0.0.0-20200618163712-a1fce85c0c7b/go.mod h1:VnztlqJpuK/eTa1KFBvyNCg3OgBGIwCxfccBMLJY3LM=
github.com/theNewDynamic/hugo-module-tnd-env v0.0.0-20210512181247-90dd1a287016 h1:XyiWr6/Maqb64OoEnnZlOVebbJnzGdE9XXuhDgvchBY=
github.com/theNewDynamic/hugo-module-tnd-env v0.0.0-20210512181247-90dd1a287016/go.mod h1:IKV0f84Fz5bzRjWzq8vlwO3EdDe0yog//Fqx1QnddZU=
github.com/theNewDynamic/hugo-module-tnd-forms v0.0.0-20210529224822-8d04dbda8558 h1:+ylDqpFRUfYB1QZ9IIvacxIzqpfFLTU25up7VOZx0xE=
github.com/theNewDynamic/hugo-module-tnd-forms v0.0.0-20210529224822-8d04dbda8558/go.mod h1:j9sQrPJ9va1OJYgokFkc15g/Y8BeeWzW26nJqtI8puQ=
github.com/theNewDynamic/hugo-module-tnd-func v0.0.0-20210316194241-a6d99cfae5a6 h1:ml2d8bfTjJP9+XkNUwuayb6b461nmJOOcBIiE7/+RRU=
github.com/theNewDynamic/hugo-module-tnd-func v0.0.0-20210316194241-a6d99cfae5a6/go.mod h1:Fdh6YRjGcYtxRneIRINEtlRbjPv7B8rqVRo6Ug+ynwA=
github.com/theNewDynamic/hugo-module-tnd-headers v0.1.4 h1:ZmHKrcGc62SMZkXERQL4cKJN+mI4onOZkEuhoFHPW5I=
github.com/theNewDynamic/hugo-module-tnd-headers v0.1.4/go.mod h1:L1vGtRuZCVVcfFHnLokvtQ9hlsfN/jiUem8O17VYeZo=
github.com/theNewDynamic/hugo-module-tnd-icons v0.1.7 h1:1zV9krMjEOnEUB1iPpHnZ/Rk+FBPd79cWUdd/0abJrs=
github.com/theNewDynamic/hugo-module-tnd-icons v0.1.7/go.mod h1:5P8x9n4dAq+JChj5o0nUsF5G3ucNQglFoeAn5c1Me9A=
github.com/theNewDynamic/hugo-module-tnd-imgix v0.2.2 h1:QyvV5FgRFNX6ZbMkB9uE2b5lnoCzVWlWSfM+ic1fYGc=
github.com/theNewDynamic/hugo-module-tnd-imgix v0.2.2/go.mod h1:6P3SwYL7H/KccxwrB7BDl+wJW2qzaLTnVDf9m+Uj/Uo=
github.com/theNewDynamic/hugo-module-tnd-media v0.0.0-20220330175441-4aeb80c7e616 h1:GpFzF5XI8aiC3Wce6rhIcV8/XFI8qmJ1v49TyewkeOI=
github.com/theNewDynamic/hugo-module-tnd-media v0.0.0-20220330175441-4aeb80c7e616/go.mod h1:5kGUg8NNAfXvsiXl2y910hJEjMkfQbmO1m1vXcehZiA=
github.com/theNewDynamic/hugo-module-tnd-menus v0.0.0-20210322205111-03cfde5da487 h1:TgqRk9N54Jq+6hYvCt/FJKQ3CtxdnlMyYbcyT86ji3o=
github.com/theNewDynamic/hugo-module-tnd-menus v0.0.0-20210322205111-03cfde5da487/go.mod h1:JS9FfAjzL8RbYx5wfQwqn+BqHpODA/aU8crYZRcAMI4=
github.com/theNewDynamic/hugo-module-tnd-netlifycms v0.1.80 h1:1msyp/pvZCNWmd9AI0/CHULHQAf+yKgd2LfedA5i1lQ=
github.com/theNewDynamic/hugo-module-tnd-netlifycms v0.1.80/go.mod h1:nq9tIR0Xpx2W2mSQHfJya2OvAfgYOMveqrllijA27vo=
github.com/theNewDynamic/hugo-module-tnd-redirects v1.2.4 h1:UhT2+qGgY0OFqjAd5K71aD/bBN1rNA2iuvRYVK01Z2w=
github.com/theNewDynamic/hugo-module-tnd-redirects v1.2.4/go.mod h1:UG+i6GOMCwA+ZbpQ9DXX8ImoW4IEY0tKfJ0/EiUZLLg=
github.com/theNewDynamic/hugo-module-tnd-scripts v0.0.0-20220225163825-dcd4d76a127f h1:OQYBWRF2CjsaLybdr9aNHRWWCA4SyONnQhXwf5P9YgY=
github.com/theNewDynamic/hugo-module-tnd-scripts v0.0.0-20220225163825-dcd4d76a127f/go.mod h1:6hs37u8aFKho7Rb9EypgTSTzWaP+4Pg+G78+8QyaYV0=
github.com/theNewDynamic/hugo-module-tnd-search v0.2.5 h1:eRlS1JO+G3aU0rHvUJnypgDjb4hS89cI2S6mFlDxpHk=
github.com/theNewDynamic/hugo-module-tnd-search v0.2.5/go.mod h1:ALY3j5/mYy5M/cXzQrbOVpAP4CiSO4L4AHc6rORONkk=
github.com/theNewDynamic/hugo-module-tnd-seo v0.1.10 h1:wmYG3ybNYFOjtlxuAigeEDE6enxgxbjUZLvauRfhMiI=
github.com/theNewDynamic/hugo-module-tnd-seo v0.1.10/go.mod h1:VY3Qvzif9T0Z0rjR85ufUQE1wrS/M5VZC9Dx1V8Vo8Y=
github.com/theNewDynamic/hugo-module-tnd-socials v0.1.5 h1:5fQNPKsKZlA3sGOsihVhOretItUMZs1JXmLHO7CzWQ8=
github.com/theNewDynamic/hugo-module-tnd-socials v0.1.5/go.mod h1:7WIDUEYoiQVRZVPYPXpTLhSh+J25fPYJuCGNsYby3DM=
github.com/theNewDynamic/hugo-module-tnd-styles v0.7.4 h1:W78sNF3D+vgXbyv0zkaL/04nckcmx7fchDUu1Gih6+M=
github.com/theNewDynamic/hugo-module-tnd-styles v0.7.4/go.mod h1:Ih6Fi3sn/qasVNDN3wXpO5NDH16G1o7QeY/EoKfxGcI=
github.com/theNewDynamic/hugo-module-tnd-tags v0.0.0-20210820151839-aaac3b65c97e h1:TPtoidPrSDO6Tr8mJAQQ5dTE5ncjJtyCehmFxhvCJvA=
github.com/theNewDynamic/hugo-module-tnd-tags v0.0.0-20210820151839-aaac3b65c97e/go.mod h1:fuXjv9Nbt2hi6oaOVAqhPRrS4hL9uYcwroo6V/Mw7Uk=
