github.com/theNewDynamic/hugo-module-tnd-imgix v0.2.1 h1:8VcUrrrgX+W6apX7Sow+sKB7lYKsGzq2R+U99qhmedQ=
github.com/theNewDynamic/hugo-module-tnd-imgix v0.2.1/go.mod h1:6P3SwYL7H/KccxwrB7BDl+wJW2qzaLTnVDf9m+Uj/Uo=
github.com/theNewDynamic/hugo-module-tnd-netlifycms v0.1.5/go.mod h1:nq9tIR0Xpx2W2mSQHfJya2OvAfgYOMveqrllijA27vo=
